
Microsoft Visual Studio Solution File, Format Version 12.00
# Visual Studio Version 16
VisualStudioVersion = 16.0.30204.135
MinimumVisualStudioVersion = 10.0.40219.1
Project("{9A19103F-16F7-4668-BE54-9A1E7A4F7556}") = "firstapi", "firstapi.csproj", "{9CE00172-B1CA-4C53-A812-F8779B165EE8}"
EndProject
Global
	GlobalSection(SolutionConfigurationPlatforms) = preSolution
		Debug|Any CPU = Debug|Any CPU
		Release|Any CPU = Release|Any CPU
	EndGlobalSection
	GlobalSection(ProjectConfigurationPlatforms) = postSolution
		{9CE00172-B1CA-4C53-A812-F8779B165EE8}.Debug|Any CPU.ActiveCfg = Debug|Any CPU
		{9CE00172-B1CA-4C53-A812-F8779B165EE8}.Debug|Any CPU.Build.0 = Debug|Any CPU
		{9CE00172-B1CA-4C53-A812-F8779B165EE8}.Release|Any CPU.ActiveCfg = Release|Any CPU
		{9CE00172-B1CA-4C53-A812-F8779B165EE8}.Release|Any CPU.Build.0 = Release|Any CPU
	EndGlobalSection
	GlobalSection(SolutionProperties) = preSolution
		HideSolutionNode = FALSE
	EndGlobalSection
	GlobalSection(ExtensibilityGlobals) = postSolution
		SolutionGuid = {61F11ADC-D456-4D1E-A7C1-19C8223D6853}
	EndGlobalSection
EndGlobal
